// !$*UTF8*$!
{
	archiveVersion = 1;
	classes = {
	};
	objectVersion = 50;
	objects = {

/* Begin PBXBuildFile section */
		3B984B6726A00AE600F54411 /* Real_AfricaApp.swift in Sources */ = {isa = PBXBuildFile; fileRef = 3B984B6626A00AE600F54411 /* Real_AfricaApp.swift */; };
		3B984B6926A00AE600F54411 /* ContentView.swift in Sources */ = {isa = PBXBuildFile; fileRef = 3B984B6826A00AE600F54411 /* ContentView.swift */; };
		3B984B6B26A00AE900F54411 /* Assets.xcassets in Resources */ = {isa = PBXBuildFile; fileRef = 3B984B6A26A00AE900F54411 /* Assets.xcassets */; };
		3B984B6E26A00AE900F54411 /* Preview Assets.xcassets in Resources */ = {isa = PBXBuildFile; fileRef = 3B984B6D26A00AE900F54411 /* Preview Assets.xcassets */; };
		3B984B7826A00B2B00F54411 /* data in Resources */ = {isa = PBXBuildFile; fileRef = 3B984B7626A00B2B00F54411 /* data */; };
		3B984B7926A00B2B00F54411 /* video in Resources */ = {isa = PBXBuildFile; fileRef = 3B984B7726A00B2B00F54411 /* video */; };
/* End PBXBuildFile section */

/* Begin PBXFileReference section */
		3B984B6326A00AE600F54411 /* Real Africa.app */ = {isa = PBXFileReference; explicitFileType = wrapper.application; includeInIndex = 0; path = "Real Africa.app"; sourceTree = BUILT_PRODUCTS_DIR; };
		3B984B6626A00AE600F54411 /* Real_AfricaApp.swift */ = {isa = PBXFileReference; lastKnownFileType = sourcecode.swift; path = Real_AfricaApp.swift; sourceTree = "<group>"; };
		3B984B6826A00AE600F54411 /* ContentView.swift */ = {isa = PBXFileReference; lastKnownFileType = sourcecode.swift; path = ContentView.swift; sourceTree = "<group>"; };
		3B984B6A26A00AE900F54411 /* Assets.xcassets */ = {isa = PBXFileReference; lastKnownFileType = folder.assetcatalog; path = Assets.xcassets; sourceTree = "<group>"; };
		3B984B6D26A00AE900F54411 /* Preview Assets.xcassets */ = {isa = PBXFileReference; lastKnownFileType = folder.assetcatalog; path = "Preview Assets.xcassets"; sourceTree = "<group>"; };
		3B984B6F26A00AE900F54411 /* Info.plist */ = {isa = PBXFileReference; lastKnownFileType = text.plist.xml; path = Info.plist; sourceTree = "<group>"; };
		3B984B7626A00B2B00F54411 /* data */ = {isa = PBXFileReference; lastKnownFileType = folder; path = data; sourceTree = "<group>"; };
		3B984B7726A00B2B00F54411 /* video */ = {isa = PBXFileReference; lastKnownFileType = folder; path = video; sourceTree = "<group>"; };
/* End PBXFileReference section */

/* Begin PBXFrameworksBuildPhase section */
		3B984B6026A00AE600F54411 /* Frameworks */ = {
			isa = PBXFrameworksBuildPhase;
			buildActionMask = 2147483647;
			files = (
			);
			runOnlyForDeploymentPostprocessing = 0;
		};
/* End PBXFrameworksBuildPhase section */

/* Begin PBXGroup section */
		3B984B5A26A00AE600F54411 = {
			isa = PBXGroup;
			children = (
				3B984B6526A00AE600F54411 /* Real Africa */,
				3B984B6426A00AE600F54411 /* Products */,
			);
			sourceTree = "<group>";
		};
		3B984B6426A00AE600F54411 /* Products */ = {
			isa = PBXGroup;
			children = (
				3B984B6326A00AE600F54411 /* Real Africa.app */,
			);
			name = Products;
			sourceTree = "<group>";
		};
		3B984B6526A00AE600F54411 /* Real Africa */ = {
			isa = PBXGroup;
			children = (
				3B984B7526A00B1D00F54411 /* Resources */,
				3B984B6626A00AE600F54411 /* Real_AfricaApp.swift */,
				3B984B6826A00AE600F54411 /* ContentView.swift */,
				3B984B6A26A00AE900F54411 /* Assets.xcassets */,
				3B984B6F26A00AE900F54411 /* Info.plist */,
				3B984B6C26A00AE900F54411 /* Preview Content */,
			);
			path = "Real Africa";
			sourceTree = "<group>";
		};
		3B984B6C26A00AE900F54411 /* Preview Content */ = {
			isa = PBXGroup;
			children = (
				3B984B6D26A00AE900F54411 /* Preview Assets.xcassets */,
			);
			path = "Preview Content";
			sourceTree = "<group>";
		};
		3B984B7526A00B1D00F54411 /* Resources */ = {
			isa = PBXGroup;
			children = (
				3B984B7626A00B2B00F54411 /* data */,
				3B984B7726A00B2B00F54411 /* video */,
			);
			path = Resources;
			sourceTree = "<group>";
		};
/* End PBXGroup section */

/* Begin PBXNativeTarget section */
		3B984B6226A00AE600F54411 /* Real Africa */ = {
			isa = PBXNativeTarget;
			buildConfigurationList = 3B984B7226A00AE900F54411 /* Build configuration list for PBXNativeTarget "Real Africa" */;
			buildPhases = (
				3B984B5F26A00AE600F54411 /* Sources */,
				3B984B6026A00AE600F54411 /* Frameworks */,
				3B984B6126A00AE600F54411 /* Resources */,
			);
			buildRules = (
			);
			dependencies = (
			);
			name = "Real Africa";
			productName = "Real Africa";
			productReference = 3B984B6326A00AE600F54411 /* Real Africa.app */;
			productType = "com.apple.product-type.application";
		};
/* End PBXNativeTarget section */

/* Begin PBXProject section */
		3B984B5B26A00AE600F54411 /* Project object */ = {
			isa = PBXProject;
			attributes = {
				LastSwiftUpdateCheck = 1250;
				LastUpgradeCheck = 1250;
				TargetAttributes = {
					3B984B6226A00AE600F54411 = {
						CreatedOnToolsVersion = 12.5.1;
					};
				};
			};
			buildConfigurationList = 3B984B5E26A00AE600F54411 /* Build configuration list for PBXProject "Real Africa" */;
			compatibilityVersion = "Xcode 9.3";
			developmentRegion = en;
			hasScannedForEncodings = 0;
			knownRegions = (
				en,
				Base,
			);
			mainGroup = 3B984B5A26A00AE600F54411;
			productRefGroup = 3B984B6426A00AE600F54411 /* Products */;
			projectDirPath = "";
			projectRoot = "";
			targets = (
				3B984B6226A00AE600F54411 /* Real Africa */,
			);
		};
/* End PBXProject section */

/* Begin PBXResourcesBuildPhase section */
		3B984B6126A00AE600F54411 /* Resources */ = {
			isa = PBXResourcesBuildPhase;
			buildActionMask = 2147483647;
			files = (
				3B984B7926A00B2B00F54411 /* video in Resources */,
				3B984B6E26A00AE900F54411 /* Preview Assets.xcassets in Resources */,
				3B984B7826A00B2B00F54411 /* data in Resources */,
				3B984B6B26A00AE900F54411 /* Assets.xcassets in Resources */,
			);
			runOnlyForDeploymentPostprocessing = 0;
		};
/* End PBXResourcesBuildPhase section */

/* Begin PBXSourcesBuildPhase section */
		3B984B5F26A00AE600F54411 /* Sources */ = {
			isa = PBXSourcesBuildPhase;
			buildActionMask = 2147483647;
			files = (
				3B984B6926A00AE600F54411 /* ContentView.swift in Sources */,
				3B984B6726A00AE600F54411 /* Real_AfricaApp.swift in Sources */,
			);
			runOnlyForDeploymentPostprocessing = 0;
		};
/* End PBXSourcesBuildPhase section */

/* Begin XCBuildConfiguration section */
		3B984B7026A00AE900F54411 /* Debug */ = {
			isa = XCBuildConfiguration;
			buildSettings = {
				ALWAYS_SEARCH_USER_PATHS = NO;
				CLANG_ANALYZER_NONNULL = YES;
				CLANG_ANALYZER_NUMBER_OBJECT_CONVERSION = YES_AGGRESSIVE;
				CLANG_CXX_LANGUAGE_STANDARD = "gnu++14";
				CLANG_CXX_LIBRARY = "libc++";
				CLANG_ENABLE_MODULES = YES;
				CLANG_ENABLE_OBJC_ARC = YES;
				CLANG_ENABLE_OBJC_WEAK = YES;
				CLANG_WARN_BLOCK_CAPTURE_AUTORELEASING = YES;
				CLANG_WARN_BOOL_CONVERSION = YES;
				CLANG_WARN_COMMA = YES;
				CLANG_WARN_CONSTANT_CONVERSION = YES;
				CLANG_WARN_DEPRECATED_OBJC_IMPLEMENTATIONS = YES;
				CLANG_WARN_DIRECT_OBJC_ISA_USAGE = YES_ERROR;
				CLANG_WARN_DOCUMENTATION_COMMENTS = YES;
				CLANG_WARN_EMPTY_BODY = YES;
				CLANG_WARN_ENUM_CONVERSION = YES;
				CLANG_WARN_INFINITE_RECURSION = YES;
				CLANG_WARN_INT_CONVERSION = YES;
				CLANG_WARN_NON_LITERAL_NULL_CONVERSION = YES;
				CLANG_WARN_OBJC_IMPLICIT_RETAIN_SELF = YES;
				CLANG_WARN_OBJC_LITERAL_CONVERSION = YES;
				CLANG_WARN_OBJC_ROOT_CLASS = YES_ERROR;
				CLANG_WARN_QUOTED_INCLUDE_IN_FRAMEWORK_HEADER = YES;
				CLANG_WARN_RANGE_LOOP_ANALYSIS = YES;
				CLANG_WARN_STRICT_PROTOTYPES = YES;
				CLANG_WARN_SUSPICIOUS_MOVE = YES;
				CLANG_WARN_UNGUARDED_AVAILABILITY = YES_AGGRESSIVE;
				CLANG_WARN_UNREACHABLE_CODE = YES;
				CLANG_WARN__DUPLICATE_METHOD_MATCH = YES;
				COPY_PHASE_STRIP = NO;
				DEBUG_INFORMATION_FORMAT = dwarf;
				ENABLE_STRICT_OBJC_MSGSEND = YES;
				ENABLE_TESTABILITY = YES;
				GCC_C_LANGUAGE_STANDARD = gnu11;
				GCC_DYNAMIC_NO_PIC = NO;
				GCC_NO_COMMON_BLOCKS = YES;
				GCC_OPTIMIZATION_LEVEL = 0;
				GCC_PREPROCESSOR_DEFINITIONS = (
					"DEBUG=1",
					"$(inherited)",
				);
				GCC_WARN_64_TO_32_BIT_CONVERSION = YES;
				GCC_WARN_ABOUT_RETURN_TYPE = YES_ERROR;
				GCC_WARN_UNDECLARED_SELECTOR = YES;
				GCC_WARN_UNINITIALIZED_AUTOS = YES_AGGRESSIVE;
				GCC_WARN_UNUSED_FUNCTION = YES;
				GCC_WARN_UNUSED_VARIABLE = YES;
				IPHONEOS_DEPLOYMENT_TARGET = 14.5;
				MTL_ENABLE_DEBUG_INFO = INCLUDE_SOURCE;
				MTL_FAST_MATH = YES;
				ONLY_ACTIVE_ARCH = YES;
				SDKROOT = iphoneos;
				SWIFT_ACTIVE_COMPILATION_CONDITIONS = DEBUG;
				SWIFT_OPTIMIZATION_LEVEL = "-Onone";
			};
			name = Debug;
		};
		3B984B7126A00AE900F54411 /* Release */ = {
			isa = XCBuildConfiguration;
			buildSettings = {
				ALWAYS_SEARCH_USER_PATHS = NO;
				CLANG_ANALYZER_NONNULL = YES;
				CLANG_ANALYZER_NUMBER_OBJECT_CONVERSION = YES_AGGRESSIVE;
				CLANG_CXX_LANGUAGE_STANDARD = "gnu++14";
				CLANG_CXX_LIBRARY = "libc++";
				CLANG_ENABLE_MODULES = YES;
				CLANG_ENABLE_OBJC_ARC = YES;
				CLANG_ENABLE_OBJC_WEAK = YES;
				CLANG_WARN_BLOCK_CAPTURE_AUTORELEASING = YES;
				CLANG_WARN_BOOL_CONVERSION = YES;
				CLANG_WARN_COMMA = YES;
				CLANG_WARN_CONSTANT_CONVERSION = YES;
				CLANG_WARN_DEPRECATED_OBJC_IMPLEMENTATIONS = YES;
				CLANG_WARN_DIRECT_OBJC_ISA_USAGE = YES_ERROR;
				CLANG_WARN_DOCUMENTATION_COMMENTS = YES;
				CLANG_WARN_EMPTY_BODY = YES;
				CLANG_WARN_ENUM_CONVERSION = YES;
				CLANG_WARN_INFINITE_RECURSION = YES;
				CLANG_WARN_INT_CONVERSION = YES;
				CLANG_WARN_NON_LITERAL_NULL_CONVERSION = YES;
				CLANG_WARN_OBJC_IMPLICIT_RETAIN_SELF = YES;
				CLANG_WARN_OBJC_LITERAL_CONVERSION = YES;
				CLANG_WARN_OBJC_ROOT_CLASS = YES_ERROR;
				CLANG_WARN_QUOTED_INCLUDE_IN_FRAMEWORK_HEADER = YES;
				CLANG_WARN_RANGE_LOOP_ANALYSIS = YES;
				CLANG_WARN_STRICT_PROTOTYPES = YES;
				CLANG_WARN_SUSPICIOUS_MOVE = YES;
				CLANG_WARN_UNGUARDED_AVAILABILITY = YES_AGGRESSIVE;
				CLANG_WARN_UNREACHABLE_CODE = YES;
				CLANG_WARN__DUPLICATE_METHOD_MATCH = YES;
				COPY_PHASE_STRIP = NO;
				DEBUG_INFORMATION_FORMAT = "dwarf-with-dsym";
				ENABLE_NS_ASSERTIONS = NO;
				ENABLE_STRICT_OBJC_MSGSEND = YES;
				GCC_C_LANGUAGE_STANDARD = gnu11;
				GCC_NO_COMMON_BLOCKS = YES;
				GCC_WARN_64_TO_32_BIT_CONVERSION = YES;
				GCC_WARN_ABOUT_RETURN_TYPE = YES_ERROR;
				GCC_WARN_UNDECLARED_SELECTOR = YES;
				GCC_WARN_UNINITIALIZED_AUTOS = YES_AGGRESSIVE;
				GCC_WARN_UNUSED_FUNCTION = YES;
				GCC_WARN_UNUSED_VARIABLE = YES;
				IPHONEOS_DEPLOYMENT_TARGET = 14.5;
				MTL_ENABLE_DEBUG_INFO = NO;
				MTL_FAST_MATH = YES;
				SDKROOT = iphoneos;
				SWIFT_COMPILATION_MODE = wholemodule;
				SWIFT_OPTIMIZATION_LEVEL = "-O";
				VALIDATE_PRODUCT = YES;
			};
			name = Release;
		};
		3B984B7326A00AE900F54411 /* Debug */ = {
			isa = XCBuildConfiguration;
			buildSettings = {
				ASSETCATALOG_COMPILER_APPICON_NAME = AppIcon;
				ASSETCATALOG_COMPILER_GLOBAL_ACCENT_COLOR_NAME = AccentColor;
				CODE_SIGN_STYLE = Automatic;
				DEVELOPMENT_ASSET_PATHS = "\"Real Africa/Preview Content\"";
				DEVELOPMENT_TEAM = V2H3E86QCC;
				ENABLE_PREVIEWS = YES;
				INFOPLIST_FILE = "Real Africa/Info.plist";
				IPHONEOS_DEPLOYMENT_TARGET = 14.0;
				LD_RUNPATH_SEARCH_PATHS = (
					"$(inherited)",
					"@executable_path/Frameworks",
				);
				PRODUCT_BUNDLE_IDENTIFIER = "com.amapps.Real-Africa";
				PRODUCT_NAME = "$(TARGET_NAME)";
				SWIFT_VERSION = 5.0;
				TARGETED_DEVICE_FAMILY = "1,2";
			};
			name = Debug;
		};
		3B984B7426A00AE900F54411 /* Release */ = {
			isa = XCBuildConfiguration;
			buildSettings = {
				ASSETCATALOG_COMPILER_APPICON_NAME = AppIcon;
				ASSETCATALOG_COMPILER_GLOBAL_ACCENT_COLOR_NAME = AccentColor;
				CODE_SIGN_STYLE = Automatic;
				DEVELOPMENT_ASSET_PATHS = "\"Real Africa/Preview Content\"";
				DEVELOPMENT_TEAM = V2H3E86QCC;
				ENABLE_PREVIEWS = YES;
				INFOPLIST_FILE = "Real Africa/Info.plist";
				IPHONEOS_DEPLOYMENT_TARGET = 14.0;
				LD_RUNPATH_SEARCH_PATHS = (
					"$(inherited)",
					"@executable_path/Frameworks",
				);
				PRODUCT_BUNDLE_IDENTIFIER = "com.amapps.Real-Africa";
				PRODUCT_NAME = "$(TARGET_NAME)";
				SWIFT_VERSION = 5.0;
				TARGETED_DEVICE_FAMILY = "1,2";
			};
			name = Release;
		};
/* End XCBuildConfiguration section */

/* Begin XCConfigurationList section */
		3B984B5E26A00AE600F54411 /* Build configuration list for PBXProject "Real Africa" */ = {
			isa = XCConfigurationList;
			buildConfigurations = (
				3B984B7026A00AE900F54411 /* Debug */,
				3B984B7126A00AE900F54411 /* Release */,
			);
			defaultConfigurationIsVisible = 0;
			defaultConfigurationName = Release;
		};
		3B984B7226A00AE900F54411 /* Build configuration list for PBXNativeTarget "Real Africa" */ = {
			isa = XCConfigurationList;
			buildConfigurations = (
				3B984B7326A00AE900F54411 /* Debug */,
				3B984B7426A00AE900F54411 /* Release */,
			);
			defaultConfigurationIsVisible = 0;
			defaultConfigurationName = Release;
		};
/* End XCConfigurationList section */
	};
	rootObject = 3B984B5B26A00AE600F54411 /* Project object */;
}
